PODS:
  - Nimble (5.1.0)
  - Quick (0.10.0)
  - SpriteKitSeeThrough (0.1.0)

DEPENDENCIES:
  - Nimble (= 5.1.0)
  - Quick (= 0.10.0)
  - SpriteKitSeeThrough (from `../`)

EXTERNAL SOURCES:
  SpriteKitSeeThrough:
    :path: "../"

SPEC CHECKSUMS:
  Nimble: 5ea121a2eda60440287054cde077fc0ad22227b3
  Quick: 5d290df1c69d5ee2f0729956dcf0fd9a30447eaa
  SpriteKitSeeThrough: a8ac8ecdaf6c58150e172730538f3b2a4cffee6b

PODFILE CHECKSUM: 89d68d5bb154e69dee01f95949b8ed357b947633

COCOAPODS: 1.1.1
